
Microsoft Visual Studio Solution File, Format Version 12.00
# Visual Studio Version 16
VisualStudioVersion = 16.0.30320.27
MinimumVisualStudioVersion = 10.0.40219.1
Project("{FAE04EC0-301F-11D3-BF4B-00C04F79EFBC}") = "Matrix", "Matrix\Matrix.csproj", "{B5241E8B-9DE5-4D66-B5D9-57C9F8114142}"
EndProject
Global
	GlobalSection(SolutionConfigurationPlatforms) = preSolution
		Debug|Any CPU = Debug|Any CPU
		Release|Any CPU = Release|Any CPU
	EndGlobalSection
	GlobalSection(ProjectConfigurationPlatforms) = postSolution
		{B5241E8B-9DE5-4D66-B5D9-57C9F8114142}.Debug|Any CPU.ActiveCfg = Debug|Any CPU
		{B5241E8B-9DE5-4D66-B5D9-57C9F8114142}.Debug|Any CPU.Build.0 = Debug|Any CPU
		{B5241E8B-9DE5-4D66-B5D9-57C9F8114142}.Release|Any CPU.ActiveCfg = Release|Any CPU
		{B5241E8B-9DE5-4D66-B5D9-57C9F8114142}.Release|Any CPU.Build.0 = Release|Any CPU
	EndGlobalSection
	GlobalSection(SolutionProperties) = preSolution
		HideSolutionNode = FALSE
	EndGlobalSection
	GlobalSection(ExtensibilityGlobals) = postSolution
		SolutionGuid = {28E68D85-CD7D-4FD5-818B-873BC54194F5}
	EndGlobalSection
EndGlobal
